
Microsoft Visual Studio Solution File, Format Version 12.00
# Visual Studio Version 17
VisualStudioVersion = 17.8.34309.116
MinimumVisualStudioVersion = 10.0.40219.1
Project("{FAE04EC0-301F-11D3-BF4B-00C04F79EFBC}") = "KevinsMailTest", "KevinsMailTest\KevinsMailTest.csproj", "{B54F8F7C-E266-4FCA-9505-CCA11252E708}"
EndProject
Project("{FAE04EC0-301F-11D3-BF4B-00C04F79EFBC}") = "prpts", "prpts\prpts.csproj", "{693B2F80-8FD0-45E5-A64D-89A0E471C3E9}"
EndProject
Global
	GlobalSection(SolutionConfigurationPlatforms) = preSolution
		Debug|Any CPU = Debug|Any CPU
		Release|Any CPU = Release|Any CPU
	EndGlobalSection
	GlobalSection(ProjectConfigurationPlatforms) = postSolution
		{B54F8F7C-E266-4FCA-9505-CCA11252E708}.Debug|Any CPU.ActiveCfg = Debug|Any CPU
		{B54F8F7C-E266-4FCA-9505-CCA11252E708}.Debug|Any CPU.Build.0 = Debug|Any CPU
		{B54F8F7C-E266-4FCA-9505-CCA11252E708}.Release|Any CPU.ActiveCfg = Release|Any CPU
		{B54F8F7C-E266-4FCA-9505-CCA11252E708}.Release|Any CPU.Build.0 = Release|Any CPU
		{693B2F80-8FD0-45E5-A64D-89A0E471C3E9}.Debug|Any CPU.ActiveCfg = Debug|Any CPU
		{693B2F80-8FD0-45E5-A64D-89A0E471C3E9}.Debug|Any CPU.Build.0 = Debug|Any CPU
		{693B2F80-8FD0-45E5-A64D-89A0E471C3E9}.Release|Any CPU.ActiveCfg = Release|Any CPU
		{693B2F80-8FD0-45E5-A64D-89A0E471C3E9}.Release|Any CPU.Build.0 = Release|Any CPU
	EndGlobalSection
	GlobalSection(SolutionProperties) = preSolution
		HideSolutionNode = FALSE
	EndGlobalSection
	GlobalSection(ExtensibilityGlobals) = postSolution
		SolutionGuid = {95EDA28A-56E2-4855-B703-D67EBEFB9533}
	EndGlobalSection
EndGlobal
